
Microsoft Visual Studio Solution File, Format Version 12.00
# Visual Studio Version 17
VisualStudioVersion = 17.4.33110.190
MinimumVisualStudioVersion = 10.0.40219.1
Project("{FAE04EC0-301F-11D3-BF4B-00C04F79EFBC}") = "prima aplicatie", "prima aplicatie.csproj", "{67116774-9483-4EFD-8E0B-D397FF9AD2EB}"
EndProject
Global
	GlobalSection(SolutionConfigurationPlatforms) = preSolution
		Debug|Any CPU = Debug|Any CPU
		Release|Any CPU = Release|Any CPU
	EndGlobalSection
	GlobalSection(ProjectConfigurationPlatforms) = postSolution
		{67116774-9483-4EFD-8E0B-D397FF9AD2EB}.Debug|Any CPU.ActiveCfg = Debug|Any CPU
		{67116774-9483-4EFD-8E0B-D397FF9AD2EB}.Debug|Any CPU.Build.0 = Debug|Any CPU
		{67116774-9483-4EFD-8E0B-D397FF9AD2EB}.Release|Any CPU.ActiveCfg = Release|Any CPU
		{67116774-9483-4EFD-8E0B-D397FF9AD2EB}.Release|Any CPU.Build.0 = Release|Any CPU
	EndGlobalSection
	GlobalSection(SolutionProperties) = preSolution
		HideSolutionNode = FALSE
	EndGlobalSection
	GlobalSection(ExtensibilityGlobals) = postSolution
		SolutionGuid = {B5FCC781-6394-4D71-BED7-C4555588396F}
	EndGlobalSection
EndGlobal
